{
  "version": 4,
  "terraform_version": "1.4.5",
  "serial": 222,
  "lineage": "ea8f881f-a404-88a9-f26c-766e2943a39d",
  "outputs": {
    "application_access": {
      "value": [
        {
          "grafana": {
            "application_access": {
              "grafana-prod-6io4ci": "172.17.0.3:3000"
            }
          },
          "influxdb": {
            "application_access": {
              "influxdb-prod-v33p5g": "172.17.0.5:8086"
            }
          },
          "nodered": {
            "application_access": {
              "nodered-prod-i6q4xk": "172.17.0.4:1800"
            }
          },
          "prometheus": {
            "application_access": {
              "prometheus-prod-c879po": "172.17.0.2:9090"
            }
          }
        }
      ],
      "type": [
        "tuple",
        [
          [
            "object",
            {
              "grafana": [
                "object",
                {
                  "application_access": [
                    "object",
                    {
                      "grafana-prod-6io4ci": "string"
                    }
                  ]
                }
              ],
              "influxdb": [
                "object",
                {
                  "application_access": [
                    "object",
                    {
                      "influxdb-prod-v33p5g": "string"
                    }
                  ]
                }
              ],
              "nodered": [
                "object",
                {
                  "application_access": [
                    "object",
                    {
                      "nodered-prod-i6q4xk": "string"
                    }
                  ]
                }
              ],
              "prometheus": [
                "object",
                {
                  "application_access": [
                    "object",
                    {
                      "prometheus-prod-c879po": "string"
                    }
                  ]
                }
              ]
            }
          ]
        ]
      ]
    }
  },
  "resources": [
    {
      "module": "module.container[\"grafana\"]",
      "mode": "managed",
      "type": "docker_container",
      "name": "app_container",
      "provider": "provider[\"registry.terraform.io/kreuzwerker/docker\"]",
      "instances": [
        {
          "index_key": 0,
          "schema_version": 2,
          "attributes": {
            "attach": false,
            "bridge": "",
            "capabilities": [],
            "cgroupns_mode": null,
            "command": [],
            "container_logs": null,
            "container_read_refresh_timeout_milliseconds": 15000,
            "cpu_set": "",
            "cpu_shares": 0,
            "destroy_grace_seconds": null,
            "devices": [],
            "dns": null,
            "dns_opts": null,
            "dns_search": null,
            "domainname": "",
            "entrypoint": [
              "/run.sh"
            ],
            "env": [],
            "exit_code": null,
            "gpus": null,
            "group_add": null,
            "healthcheck": null,
            "host": [],
            "hostname": "24cac5bc54e0",
            "id": "24cac5bc54e03f94bee815d49979bf55019e926255944fcff0f88079a48e0a3e",
            "image": "sha256:d365f61c9bc67cef7b043637917063c0929f50e0331a96b6c753f0abae70f9be",
            "init": false,
            "ipc_mode": "private",
            "labels": [],
            "log_driver": "json-file",
            "log_opts": null,
            "logs": false,
            "max_retry_count": 0,
            "memory": 0,
            "memory_swap": 0,
            "mounts": [],
            "must_run": true,
            "name": "grafana-prod-6io4ci",
            "network_data": [
              {
                "gateway": "172.17.0.1",
                "global_ipv6_address": "",
                "global_ipv6_prefix_length": 0,
                "ip_address": "172.17.0.3",
                "ip_prefix_length": 16,
                "ipv6_gateway": "",
                "mac_address": "02:42:ac:11:00:03",
                "network_name": "bridge"
              }
            ],
            "network_mode": "default",
            "networks_advanced": [],
            "pid_mode": "",
            "ports": [
              {
                "external": 3000,
                "internal": 3000,
                "ip": "0.0.0.0",
                "protocol": "tcp"
              }
            ],
            "privileged": false,
            "publish_all_ports": false,
            "read_only": false,
            "remove_volumes": true,
            "restart": "no",
            "rm": false,
            "runtime": "runc",
            "security_opts": [],
            "shm_size": 64,
            "start": true,
            "stdin_open": false,
            "stop_signal": "",
            "stop_timeout": 0,
            "storage_opts": null,
            "sysctls": null,
            "tmpfs": null,
            "tty": false,
            "ulimit": [],
            "upload": [],
            "user": "472",
            "userns_mode": "",
            "volumes": [
              {
                "container_path": "/data",
                "from_container": "",
                "host_path": "",
                "read_only": null,
                "volume_name": "grafana-0-volume"
              }
            ],
            "wait": false,
            "wait_timeout": 60,
            "working_dir": "/usr/share/grafana"
          },
          "sensitive_attributes": [],
          "private": "eyJzY2hlbWFfdmVyc2lvbiI6IjIifQ==",
          "dependencies": [
            "module.container.docker_volume.container_volume",
            "module.container.random_string.random",
            "module.image.docker_image.container_image"
          ]
        }
      ]
    },
    {
      "module": "module.container[\"grafana\"]",
      "mode": "managed",
      "type": "docker_volume",
      "name": "container_volume",
      "provider": "provider[\"registry.terraform.io/kreuzwerker/docker\"]",
      "instances": [
        {
          "index_key": 0,
          "schema_version": 1,
          "attributes": {
            "driver": "local",
            "driver_opts": {},
            "id": "grafana-0-volume",
            "labels": [],
            "mountpoint": "/var/lib/docker/volumes/grafana-0-volume/_data",
            "name": "grafana-0-volume"
          },
          "sensitive_attributes": [],
          "private": "eyJzY2hlbWFfdmVyc2lvbiI6IjEifQ=="
        },
        {
          "index_key": 1,
          "schema_version": 1,
          "attributes": {
            "driver": "local",
            "driver_opts": {},
            "id": "grafana-1-volume",
            "labels": [],
            "mountpoint": "/var/lib/docker/volumes/grafana-1-volume/_data",
            "name": "grafana-1-volume"
          },
          "sensitive_attributes": [],
          "private": "eyJzY2hlbWFfdmVyc2lvbiI6IjEifQ=="
        }
      ]
    },
    {
      "module": "module.container[\"grafana\"]",
      "mode": "managed",
      "type": "random_string",
      "name": "random",
      "provider": "provider[\"registry.terraform.io/hashicorp/random\"]",
      "instances": [
        {
          "index_key": 0,
          "schema_version": 2,
          "attributes": {
            "id": "6io4ci",
            "keepers": null,
            "length": 6,
            "lower": true,
            "min_lower": 0,
            "min_numeric": 0,
            "min_special": 0,
            "min_upper": 0,
            "number": true,
            "numeric": true,
            "override_special": null,
            "result": "6io4ci",
            "special": false,
            "upper": false
          },
          "sensitive_attributes": []
        }
      ]
    },
    {
      "module": "module.container[\"influxdb\"]",
      "mode": "managed",
      "type": "docker_container",
      "name": "app_container",
      "provider": "provider[\"registry.terraform.io/kreuzwerker/docker\"]",
      "instances": [
        {
          "index_key": 0,
          "schema_version": 2,
          "attributes": {
            "attach": false,
            "bridge": "",
            "capabilities": [],
            "cgroupns_mode": null,
            "command": [
              "influxd"
            ],
            "container_logs": null,
            "container_read_refresh_timeout_milliseconds": 15000,
            "cpu_set": "",
            "cpu_shares": 0,
            "destroy_grace_seconds": null,
            "devices": [],
            "dns": null,
            "dns_opts": null,
            "dns_search": null,
            "domainname": "",
            "entrypoint": [
              "/entrypoint.sh"
            ],
            "env": [],
            "exit_code": null,
            "gpus": null,
            "group_add": null,
            "healthcheck": null,
            "host": [],
            "hostname": "79fd0b03a46c",
            "id": "79fd0b03a46c5afcd18c5edcf7702fc929e2fbe9d082c18f994f3674d5a174e1",
            "image": "sha256:7de0f3140b356698d7c7ca47cfbefb1aae55a35a70c3b2d8daaa3f7f0cd20bfe",
            "init": false,
            "ipc_mode": "private",
            "labels": [],
            "log_driver": "json-file",
            "log_opts": null,
            "logs": false,
            "max_retry_count": 0,
            "memory": 0,
            "memory_swap": 0,
            "mounts": [],
            "must_run": true,
            "name": "influxdb-prod-v33p5g",
            "network_data": [
              {
                "gateway": "172.17.0.1",
                "global_ipv6_address": "",
                "global_ipv6_prefix_length": 0,
                "ip_address": "172.17.0.5",
                "ip_prefix_length": 16,
                "ipv6_gateway": "",
                "mac_address": "02:42:ac:11:00:05",
                "network_name": "bridge"
              }
            ],
            "network_mode": "default",
            "networks_advanced": [],
            "pid_mode": "",
            "ports": [
              {
                "external": 8086,
                "internal": 8086,
                "ip": "0.0.0.0",
                "protocol": "tcp"
              }
            ],
            "privileged": false,
            "publish_all_ports": false,
            "read_only": false,
            "remove_volumes": true,
            "restart": "no",
            "rm": false,
            "runtime": "runc",
            "security_opts": [],
            "shm_size": 64,
            "start": true,
            "stdin_open": false,
            "stop_signal": "",
            "stop_timeout": 0,
            "storage_opts": null,
            "sysctls": null,
            "tmpfs": null,
            "tty": false,
            "ulimit": [],
            "upload": [],
            "user": "",
            "userns_mode": "",
            "volumes": [
              {
                "container_path": "/etc/influxdb",
                "from_container": "",
                "host_path": "",
                "read_only": null,
                "volume_name": "influxdb-0-volume"
              },
              {
                "container_path": "/var/lib/influxdb",
                "from_container": "",
                "host_path": "",
                "read_only": null,
                "volume_name": "influxdb-0-volume"
              }
            ],
            "wait": false,
            "wait_timeout": 60,
            "working_dir": ""
          },
          "sensitive_attributes": [],
          "private": "eyJzY2hlbWFfdmVyc2lvbiI6IjIifQ==",
          "dependencies": [
            "module.container.docker_volume.container_volume",
            "module.container.random_string.random",
            "module.image.docker_image.container_image"
          ]
        }
      ]
    },
    {
      "module": "module.container[\"influxdb\"]",
      "mode": "managed",
      "type": "docker_volume",
      "name": "container_volume",
      "provider": "provider[\"registry.terraform.io/kreuzwerker/docker\"]",
      "instances": [
        {
          "index_key": 0,
          "schema_version": 1,
          "attributes": {
            "driver": "local",
            "driver_opts": {},
            "id": "influxdb-0-volume",
            "labels": [],
            "mountpoint": "/var/lib/docker/volumes/influxdb-0-volume/_data",
            "name": "influxdb-0-volume"
          },
          "sensitive_attributes": [],
          "private": "eyJzY2hlbWFfdmVyc2lvbiI6IjEifQ=="
        },
        {
          "index_key": 1,
          "schema_version": 1,
          "attributes": {
            "driver": "local",
            "driver_opts": {},
            "id": "influxdb-1-volume",
            "labels": [],
            "mountpoint": "/var/lib/docker/volumes/influxdb-1-volume/_data",
            "name": "influxdb-1-volume"
          },
          "sensitive_attributes": [],
          "private": "eyJzY2hlbWFfdmVyc2lvbiI6IjEifQ=="
        }
      ]
    },
    {
      "module": "module.container[\"influxdb\"]",
      "mode": "managed",
      "type": "random_string",
      "name": "random",
      "provider": "provider[\"registry.terraform.io/hashicorp/random\"]",
      "instances": [
        {
          "index_key": 0,
          "schema_version": 2,
          "attributes": {
            "id": "v33p5g",
            "keepers": null,
            "length": 6,
            "lower": true,
            "min_lower": 0,
            "min_numeric": 0,
            "min_special": 0,
            "min_upper": 0,
            "number": true,
            "numeric": true,
            "override_special": null,
            "result": "v33p5g",
            "special": false,
            "upper": false
          },
          "sensitive_attributes": []
        }
      ]
    },
    {
      "module": "module.container[\"nodered\"]",
      "mode": "managed",
      "type": "docker_container",
      "name": "app_container",
      "provider": "provider[\"registry.terraform.io/kreuzwerker/docker\"]",
      "instances": [
        {
          "index_key": 0,
          "schema_version": 2,
          "attributes": {
            "attach": false,
            "bridge": "",
            "capabilities": [],
            "cgroupns_mode": null,
            "command": [],
            "container_logs": null,
            "container_read_refresh_timeout_milliseconds": 15000,
            "cpu_set": "",
            "cpu_shares": 0,
            "destroy_grace_seconds": null,
            "devices": [],
            "dns": null,
            "dns_opts": null,
            "dns_search": null,
            "domainname": "",
            "entrypoint": [
              "./entrypoint.sh"
            ],
            "env": [],
            "exit_code": null,
            "gpus": null,
            "group_add": null,
            "healthcheck": [
              {
                "interval": "0s",
                "retries": 0,
                "start_period": "0s",
                "test": [
                  "CMD-SHELL",
                  "node /healthcheck.js"
                ],
                "timeout": "0s"
              }
            ],
            "host": [],
            "hostname": "440c5a339648",
            "id": "440c5a339648b9dbca5c232496327cad9c022510a2189aa0c0d62c7da95e26fe",
            "image": "sha256:a15fc0f4e93018b7b6633639139a6fc1c6e13ca9275a6825cbecb6a4d2a85c57",
            "init": false,
            "ipc_mode": "private",
            "labels": [],
            "log_driver": "json-file",
            "log_opts": null,
            "logs": false,
            "max_retry_count": 0,
            "memory": 0,
            "memory_swap": 0,
            "mounts": [],
            "must_run": true,
            "name": "nodered-prod-i6q4xk",
            "network_data": [
              {
                "gateway": "172.17.0.1",
                "global_ipv6_address": "",
                "global_ipv6_prefix_length": 0,
                "ip_address": "172.17.0.4",
                "ip_prefix_length": 16,
                "ipv6_gateway": "",
                "mac_address": "02:42:ac:11:00:04",
                "network_name": "bridge"
              }
            ],
            "network_mode": "default",
            "networks_advanced": [],
            "pid_mode": "",
            "ports": [
              {
                "external": 1800,
                "internal": 1880,
                "ip": "0.0.0.0",
                "protocol": "tcp"
              }
            ],
            "privileged": false,
            "publish_all_ports": false,
            "read_only": false,
            "remove_volumes": true,
            "restart": "no",
            "rm": false,
            "runtime": "runc",
            "security_opts": [],
            "shm_size": 64,
            "start": true,
            "stdin_open": false,
            "stop_signal": "",
            "stop_timeout": 0,
            "storage_opts": null,
            "sysctls": null,
            "tmpfs": null,
            "tty": false,
            "ulimit": [],
            "upload": [],
            "user": "node-red",
            "userns_mode": "",
            "volumes": [
              {
                "container_path": "/etc/nodered",
                "from_container": "",
                "host_path": "",
                "read_only": null,
                "volume_name": "nodered-0-volume"
              },
              {
                "container_path": "/var/lib/nodered",
                "from_container": "",
                "host_path": "",
                "read_only": null,
                "volume_name": "nodered-0-volume"
              }
            ],
            "wait": false,
            "wait_timeout": 60,
            "working_dir": "/usr/src/node-red"
          },
          "sensitive_attributes": [],
          "private": "eyJzY2hlbWFfdmVyc2lvbiI6IjIifQ==",
          "dependencies": [
            "module.container.docker_volume.container_volume",
            "module.container.random_string.random",
            "module.image.docker_image.container_image"
          ]
        }
      ]
    },
    {
      "module": "module.container[\"nodered\"]",
      "mode": "managed",
      "type": "docker_volume",
      "name": "container_volume",
      "provider": "provider[\"registry.terraform.io/kreuzwerker/docker\"]",
      "instances": [
        {
          "index_key": 0,
          "schema_version": 1,
          "attributes": {
            "driver": "local",
            "driver_opts": {},
            "id": "nodered-0-volume",
            "labels": [],
            "mountpoint": "/var/lib/docker/volumes/nodered-0-volume/_data",
            "name": "nodered-0-volume"
          },
          "sensitive_attributes": [],
          "private": "eyJzY2hlbWFfdmVyc2lvbiI6IjEifQ=="
        },
        {
          "index_key": 1,
          "schema_version": 1,
          "attributes": {
            "driver": "local",
            "driver_opts": {},
            "id": "nodered-1-volume",
            "labels": [],
            "mountpoint": "/var/lib/docker/volumes/nodered-1-volume/_data",
            "name": "nodered-1-volume"
          },
          "sensitive_attributes": [],
          "private": "eyJzY2hlbWFfdmVyc2lvbiI6IjEifQ=="
        }
      ]
    },
    {
      "module": "module.container[\"nodered\"]",
      "mode": "managed",
      "type": "random_string",
      "name": "random",
      "provider": "provider[\"registry.terraform.io/hashicorp/random\"]",
      "instances": [
        {
          "index_key": 0,
          "schema_version": 2,
          "attributes": {
            "id": "i6q4xk",
            "keepers": null,
            "length": 6,
            "lower": true,
            "min_lower": 0,
            "min_numeric": 0,
            "min_special": 0,
            "min_upper": 0,
            "number": true,
            "numeric": true,
            "override_special": null,
            "result": "i6q4xk",
            "special": false,
            "upper": false
          },
          "sensitive_attributes": []
        }
      ]
    },
    {
      "module": "module.container[\"prometheus\"]",
      "mode": "managed",
      "type": "docker_container",
      "name": "app_container",
      "provider": "provider[\"registry.terraform.io/kreuzwerker/docker\"]",
      "instances": [
        {
          "index_key": 0,
          "schema_version": 2,
          "attributes": {
            "attach": false,
            "bridge": "",
            "capabilities": [],
            "cgroupns_mode": null,
            "command": [
              "--config.file=/etc/prometheus/prometheus.yml",
              "--storage.tsdb.path=/prometheus",
              "--web.console.libraries=/usr/share/prometheus/console_libraries",
              "--web.console.templates=/usr/share/prometheus/consoles"
            ],
            "container_logs": null,
            "container_read_refresh_timeout_milliseconds": 15000,
            "cpu_set": "",
            "cpu_shares": 0,
            "destroy_grace_seconds": null,
            "devices": [],
            "dns": null,
            "dns_opts": null,
            "dns_search": null,
            "domainname": "",
            "entrypoint": [
              "/bin/prometheus"
            ],
            "env": [],
            "exit_code": null,
            "gpus": null,
            "group_add": null,
            "healthcheck": null,
            "host": [],
            "hostname": "7edc6fcadc79",
            "id": "7edc6fcadc79c253b3d299d0d9e7c388cb05f6881cbdd53d9649a56feb05e13c",
            "image": "sha256:a07b618ecd1dce142bce4c52f0e80982eaf1f14265a2415c2d35978ccaa0a464",
            "init": false,
            "ipc_mode": "private",
            "labels": [],
            "log_driver": "json-file",
            "log_opts": null,
            "logs": false,
            "max_retry_count": 0,
            "memory": 0,
            "memory_swap": 0,
            "mounts": [],
            "must_run": true,
            "name": "prometheus-prod-c879po",
            "network_data": [
              {
                "gateway": "172.17.0.1",
                "global_ipv6_address": "",
                "global_ipv6_prefix_length": 0,
                "ip_address": "172.17.0.2",
                "ip_prefix_length": 16,
                "ipv6_gateway": "",
                "mac_address": "02:42:ac:11:00:02",
                "network_name": "bridge"
              }
            ],
            "network_mode": "default",
            "networks_advanced": [],
            "pid_mode": "",
            "ports": [
              {
                "external": 9090,
                "internal": 9090,
                "ip": "0.0.0.0",
                "protocol": "tcp"
              }
            ],
            "privileged": false,
            "publish_all_ports": false,
            "read_only": false,
            "remove_volumes": true,
            "restart": "no",
            "rm": false,
            "runtime": "runc",
            "security_opts": [],
            "shm_size": 64,
            "start": true,
            "stdin_open": false,
            "stop_signal": "",
            "stop_timeout": 0,
            "storage_opts": null,
            "sysctls": null,
            "tmpfs": null,
            "tty": false,
            "ulimit": [],
            "upload": [],
            "user": "nobody",
            "userns_mode": "",
            "volumes": [
              {
                "container_path": "/etc/prometheus",
                "from_container": "",
                "host_path": "",
                "read_only": null,
                "volume_name": "prometheus-0-volume"
              },
              {
                "container_path": "/var/lib/prometheus",
                "from_container": "",
                "host_path": "",
                "read_only": null,
                "volume_name": "prometheus-0-volume"
              }
            ],
            "wait": false,
            "wait_timeout": 60,
            "working_dir": "/prometheus"
          },
          "sensitive_attributes": [],
          "private": "eyJzY2hlbWFfdmVyc2lvbiI6IjIifQ==",
          "dependencies": [
            "module.container.docker_volume.container_volume",
            "module.container.random_string.random",
            "module.image.docker_image.container_image"
          ]
        }
      ]
    },
    {
      "module": "module.container[\"prometheus\"]",
      "mode": "managed",
      "type": "docker_volume",
      "name": "container_volume",
      "provider": "provider[\"registry.terraform.io/kreuzwerker/docker\"]",
      "instances": [
        {
          "index_key": 0,
          "schema_version": 1,
          "attributes": {
            "driver": "local",
            "driver_opts": {},
            "id": "prometheus-0-volume",
            "labels": [],
            "mountpoint": "/var/lib/docker/volumes/prometheus-0-volume/_data",
            "name": "prometheus-0-volume"
          },
          "sensitive_attributes": [],
          "private": "eyJzY2hlbWFfdmVyc2lvbiI6IjEifQ=="
        },
        {
          "index_key": 1,
          "schema_version": 1,
          "attributes": {
            "driver": "local",
            "driver_opts": {},
            "id": "prometheus-1-volume",
            "labels": [],
            "mountpoint": "/var/lib/docker/volumes/prometheus-1-volume/_data",
            "name": "prometheus-1-volume"
          },
          "sensitive_attributes": [],
          "private": "eyJzY2hlbWFfdmVyc2lvbiI6IjEifQ=="
        }
      ]
    },
    {
      "module": "module.container[\"prometheus\"]",
      "mode": "managed",
      "type": "random_string",
      "name": "random",
      "provider": "provider[\"registry.terraform.io/hashicorp/random\"]",
      "instances": [
        {
          "index_key": 0,
          "schema_version": 2,
          "attributes": {
            "id": "c879po",
            "keepers": null,
            "length": 6,
            "lower": true,
            "min_lower": 0,
            "min_numeric": 0,
            "min_special": 0,
            "min_upper": 0,
            "number": true,
            "numeric": true,
            "override_special": null,
            "result": "c879po",
            "special": false,
            "upper": false
          },
          "sensitive_attributes": []
        }
      ]
    },
    {
      "module": "module.image[\"grafana\"]",
      "mode": "managed",
      "type": "docker_image",
      "name": "container_image",
      "provider": "provider[\"registry.terraform.io/kreuzwerker/docker\"]",
      "instances": [
        {
          "schema_version": 0,
          "attributes": {
            "build": [],
            "force_remove": null,
            "id": "sha256:d365f61c9bc67cef7b043637917063c0929f50e0331a96b6c753f0abae70f9begrafana/grafana",
            "image_id": "sha256:d365f61c9bc67cef7b043637917063c0929f50e0331a96b6c753f0abae70f9be",
            "keep_locally": null,
            "name": "grafana/grafana",
            "platform": null,
            "pull_triggers": null,
            "repo_digest": "grafana/grafana@sha256:00a4d2889c2b32f86c50673b1a82cb5b45349f1c24b0a882d11a53518e2ecae4",
            "triggers": null
          },
          "sensitive_attributes": [],
          "private": "bnVsbA=="
        }
      ]
    },
    {
      "module": "module.image[\"influxdb\"]",
      "mode": "managed",
      "type": "docker_image",
      "name": "container_image",
      "provider": "provider[\"registry.terraform.io/kreuzwerker/docker\"]",
      "instances": [
        {
          "schema_version": 0,
          "attributes": {
            "build": [],
            "force_remove": null,
            "id": "sha256:7de0f3140b356698d7c7ca47cfbefb1aae55a35a70c3b2d8daaa3f7f0cd20bfeinfluxdb",
            "image_id": "sha256:7de0f3140b356698d7c7ca47cfbefb1aae55a35a70c3b2d8daaa3f7f0cd20bfe",
            "keep_locally": null,
            "name": "influxdb",
            "platform": null,
            "pull_triggers": null,
            "repo_digest": "influxdb@sha256:4b811aa4a47a0e5074466c1320fb0932a760933192112809447d0142ca2773f6",
            "triggers": null
          },
          "sensitive_attributes": [],
          "private": "bnVsbA=="
        }
      ]
    },
    {
      "module": "module.image[\"nodered\"]",
      "mode": "managed",
      "type": "docker_image",
      "name": "container_image",
      "provider": "provider[\"registry.terraform.io/kreuzwerker/docker\"]",
      "instances": [
        {
          "schema_version": 0,
          "attributes": {
            "build": [],
            "force_remove": null,
            "id": "sha256:a15fc0f4e93018b7b6633639139a6fc1c6e13ca9275a6825cbecb6a4d2a85c57nodered/node-red",
            "image_id": "sha256:a15fc0f4e93018b7b6633639139a6fc1c6e13ca9275a6825cbecb6a4d2a85c57",
            "keep_locally": null,
            "name": "nodered/node-red",
            "platform": null,
            "pull_triggers": null,
            "repo_digest": "nodered/node-red@sha256:524316b9b84cb5bbfe006c117f3dad31ee806804b12e4b866047a65e2080e92d",
            "triggers": null
          },
          "sensitive_attributes": [],
          "private": "bnVsbA=="
        }
      ]
    },
    {
      "module": "module.image[\"prometheus\"]",
      "mode": "managed",
      "type": "docker_image",
      "name": "container_image",
      "provider": "provider[\"registry.terraform.io/kreuzwerker/docker\"]",
      "instances": [
        {
          "schema_version": 0,
          "attributes": {
            "build": [],
            "force_remove": null,
            "id": "sha256:a07b618ecd1dce142bce4c52f0e80982eaf1f14265a2415c2d35978ccaa0a464prom/prometheus",
            "image_id": "sha256:a07b618ecd1dce142bce4c52f0e80982eaf1f14265a2415c2d35978ccaa0a464",
            "keep_locally": null,
            "name": "prom/prometheus",
            "platform": null,
            "pull_triggers": null,
            "repo_digest": "prom/prometheus@sha256:f5c29683a301d4e5427fb0d985f794b1f743498310a4eadee75e85f5dba73a6d",
            "triggers": null
          },
          "sensitive_attributes": [],
          "private": "bnVsbA=="
        }
      ]
    }
  ],
  "check_results": null
}
