{
  "version": 4,
  "terraform_version": "1.4.5",
  "serial": 3386,
  "lineage": "28ebe94d-de9c-daa2-6f86-3f5118ef796a",
  "outputs": {},
  "resources": [
    {
      "module": "module.image[\"prometheus\"]",
      "mode": "managed",
      "type": "docker_image",
      "name": "container_image",
      "provider": "provider[\"registry.terraform.io/kreuzwerker/docker\"]",
      "instances": [
        {
          "schema_version": 0,
          "attributes": {
            "build": [],
            "force_remove": null,
            "id": "sha256:7a257b3edd98e8f0988bcd1304dd2409aa403b3b4d944ec186ccbc4c142afa9dprom/prometheus",
            "image_id": "sha256:7a257b3edd98e8f0988bcd1304dd2409aa403b3b4d944ec186ccbc4c142afa9d",
            "keep_locally": null,
            "name": "prom/prometheus",
            "platform": null,
            "pull_triggers": null,
            "repo_digest": "prom/prometheus@sha256:3760d0bcb02f439394aa172eaadafbb9e657baff6a995458a6e82fdb38c5b6b5",
            "triggers": null
          },
          "sensitive_attributes": [],
          "private": "bnVsbA=="
        }
      ]
    }
  ],
  "check_results": null
}
