{
  "version": 4,
  "terraform_version": "1.4.4",
  "serial": 146,
  "lineage": "28ebe94d-de9c-daa2-6f86-3f5118ef796a",
  "outputs": {},
  "resources": [
    {
      "mode": "managed",
      "type": "docker_image",
      "name": "debian_image",
      "provider": "provider[\"registry.terraform.io/kreuzwerker/docker\"]",
      "instances": [
        {
          "schema_version": 0,
          "attributes": {
            "build": [],
            "force_remove": null,
            "id": "sha256:ca1a8403096efb7da1512b0ae008b16f2dae553deed435163b137447b90fa8b0debian:latest",
            "image_id": "sha256:ca1a8403096efb7da1512b0ae008b16f2dae553deed435163b137447b90fa8b0",
            "keep_locally": null,
            "name": "debian:latest",
            "platform": null,
            "pull_triggers": null,
            "repo_digest": "debian@sha256:0a78ed641b76252739e28ebbbe8cdbd80dc367fba4502565ca839e5803cfd86e",
            "triggers": null
          },
          "sensitive_attributes": [],
          "private": "bnVsbA=="
        }
      ]
    },
    {
      "mode": "managed",
      "type": "docker_image",
      "name": "jenkins_image",
      "provider": "provider[\"registry.terraform.io/kreuzwerker/docker\"]",
      "instances": [
        {
          "schema_version": 0,
          "attributes": {
            "build": [],
            "force_remove": null,
            "id": "sha256:056e9a39e8bef08a38912f2b430d0c6d7c807d3510cadea9edfe3e0c037c4e8djenkins/jenkins:lts-jdk11",
            "image_id": "sha256:056e9a39e8bef08a38912f2b430d0c6d7c807d3510cadea9edfe3e0c037c4e8d",
            "keep_locally": null,
            "name": "jenkins/jenkins:lts-jdk11",
            "platform": null,
            "pull_triggers": null,
            "repo_digest": "jenkins/jenkins@sha256:aacbb5797dd210cc048038d9d3e5ab5795ea018fad843ffc1888c547911819ce",
            "triggers": null
          },
          "sensitive_attributes": [],
          "private": "bnVsbA=="
        }
      ]
    },
    {
      "mode": "managed",
      "type": "docker_image",
      "name": "nodered_image",
      "provider": "provider[\"registry.terraform.io/kreuzwerker/docker\"]",
      "instances": [
        {
          "schema_version": 0,
          "attributes": {
            "build": [],
            "force_remove": null,
            "id": "sha256:a15fc0f4e93018b7b6633639139a6fc1c6e13ca9275a6825cbecb6a4d2a85c57nodered/node-red:latest",
            "image_id": "sha256:a15fc0f4e93018b7b6633639139a6fc1c6e13ca9275a6825cbecb6a4d2a85c57",
            "keep_locally": null,
            "name": "nodered/node-red:latest",
            "platform": null,
            "pull_triggers": null,
            "repo_digest": "nodered/node-red@sha256:524316b9b84cb5bbfe006c117f3dad31ee806804b12e4b866047a65e2080e92d",
            "triggers": null
          },
          "sensitive_attributes": [],
          "private": "bnVsbA=="
        }
      ]
    },
    {
      "mode": "managed",
      "type": "docker_image",
      "name": "postgresql_image",
      "provider": "provider[\"registry.terraform.io/kreuzwerker/docker\"]",
      "instances": [
        {
          "schema_version": 0,
          "attributes": {
            "build": [],
            "force_remove": null,
            "id": "sha256:ceccf204404e5efe764f2d4d97e6977db04062579d525d9cb445cf93e0f0fef4postgres:latest",
            "image_id": "sha256:ceccf204404e5efe764f2d4d97e6977db04062579d525d9cb445cf93e0f0fef4",
            "keep_locally": null,
            "name": "postgres:latest",
            "platform": null,
            "pull_triggers": null,
            "repo_digest": "postgres@sha256:6cc97262444f1c45171081bc5a1d4c28b883ea46a6e0d1a45a8eac4a7f4767ab",
            "triggers": null
          },
          "sensitive_attributes": [],
          "private": "bnVsbA=="
        }
      ]
    },
    {
      "mode": "managed",
      "type": "docker_image",
      "name": "ubuntu_image",
      "provider": "provider[\"registry.terraform.io/kreuzwerker/docker\"]",
      "instances": [
        {
          "schema_version": 0,
          "attributes": {
            "build": [],
            "force_remove": null,
            "id": "sha256:08d22c0ceb150ddeb2237c5fa3129c0183f3cc6f5eeb2e7aa4016da3ad02140aubuntu:latest",
            "image_id": "sha256:08d22c0ceb150ddeb2237c5fa3129c0183f3cc6f5eeb2e7aa4016da3ad02140a",
            "keep_locally": null,
            "name": "ubuntu:latest",
            "platform": null,
            "pull_triggers": null,
            "repo_digest": "ubuntu@sha256:67211c14fa74f070d27cc59d69a7fa9aeff8e28ea118ef3babc295a0428a6d21",
            "triggers": null
          },
          "sensitive_attributes": [],
          "private": "bnVsbA=="
        }
      ]
    }
  ],
  "check_results": null
}
